
Microsoft Visual Studio Solution File, Format Version 12.00
# Visual Studio Version 16
VisualStudioVersion = 16.0.29519.181
MinimumVisualStudioVersion = 10.0.40219.1
Project("{FAE04EC0-301F-11D3-BF4B-00C04F79EFBC}") = "FinanceScraper", "FinanceScraper\FinanceScraper.csproj", "{50ED1170-96A9-46F0-B4D8-9784FC062E4C}"
EndProject
Global
	GlobalSection(SolutionConfigurationPlatforms) = preSolution
		Debug|Any CPU = Debug|Any CPU
		Release|Any CPU = Release|Any CPU
	EndGlobalSection
	GlobalSection(ProjectConfigurationPlatforms) = postSolution
		{50ED1170-96A9-46F0-B4D8-9784FC062E4C}.Debug|Any CPU.ActiveCfg = Debug|Any CPU
		{50ED1170-96A9-46F0-B4D8-9784FC062E4C}.Debug|Any CPU.Build.0 = Debug|Any CPU
		{50ED1170-96A9-46F0-B4D8-9784FC062E4C}.Release|Any CPU.ActiveCfg = Release|Any CPU
		{50ED1170-96A9-46F0-B4D8-9784FC062E4C}.Release|Any CPU.Build.0 = Release|Any CPU
	EndGlobalSection
	GlobalSection(SolutionProperties) = preSolution
		HideSolutionNode = FALSE
	EndGlobalSection
	GlobalSection(ExtensibilityGlobals) = postSolution
		SolutionGuid = {952F0A34-D1D3-42E7-A084-4FD8677D3D44}
	EndGlobalSection
EndGlobal
